{
  "lockfileVersion": 2,
  "configVersion": 1,
  "workspaces": {
    "": {
      "name": "omp-funes-bridge",
      "dependencies": {
        "@oh-my-pi/pi-utils": "18.6.0",
      },
      "devDependencies": {
        "@types/bun": "1.4.2",
      },
      "peerDependencies": {
        "@oh-my-pi/pi-coding-agent": "18.6.0",
      },
      "optionalPeers": [
        "@oh-my-pi/pi-coding-agent",
      ],
    },
  },
  "packages": {
    "@oh-my-pi/pi-natives": ["@oh-my-pi/pi-natives@18.6.0", "", { "optionalDependencies": { "@oh-my-pi/pi-natives-darwin-arm64": "18.6.0", "@oh-my-pi/pi-natives-darwin-x64": "18.6.0", "@oh-my-pi/pi-natives-linux-arm64": "18.6.0", "@oh-my-pi/pi-natives-linux-x64": "18.6.0", "@oh-my-pi/pi-natives-win32-arm64": "18.6.0", "@oh-my-pi/pi-natives-win32-x64": "18.6.0" } }, "sha512-zwat2THncKdeUYs0Tm/WsS2hVZwmQcharxyd02uBpbF9VjxKbv6FrBbZeN7gAPsaYFYHVCWVoNbtufg+C9/EPQ=="],

    "@oh-my-pi/pi-natives-darwin-arm64": ["@oh-my-pi/pi-natives-darwin-arm64@18.6.0", "", { "os": "darwin", "cpu": "arm64" }, "sha512-/5Aby/uwPpsBt8eNJEa/fvC1LrimUJoJCITCvHJWAb+ewuyebzwkPjYvH84vRn2Cbp/r0W/5CBCeyVpitDcjgQ=="],

    "@oh-my-pi/pi-natives-darwin-x64": ["@oh-my-pi/pi-natives-darwin-x64@18.6.0", "", { "os": "darwin", "cpu": "x64" }, "sha512-FK/gOrfLk4WwsVapyZpJWo78j/xSKk5yx5giCkX+4PekEiRADb9/Cv9hSvCNi3nR6mBcVziWP2vmkR1Plk8pmA=="],

    "@oh-my-pi/pi-natives-linux-arm64": ["@oh-my-pi/pi-natives-linux-arm64@18.6.0", "", { "os": "linux", "cpu": "arm64" }, "sha512-MJsG+Lklo86+YizE3MMoOCNeT2ZX3qmt/xSkcYDW+ph4vd3SZy77VlC8d2fzHbQm4SFegIJHte/BrLyfoigSgA=="],

    "@oh-my-pi/pi-natives-linux-x64": ["@oh-my-pi/pi-natives-linux-x64@18.6.0", "", { "os": "linux", "cpu": "x64" }, "sha512-QD6LlOo7vz2eavrF30ehiduwiUenbMN5L2RrjWCiiU4fzdwR3BmpEK9HMCWqRcTYJ6rQOlTUzpzrDxodgrq1eg=="],

    "@oh-my-pi/pi-natives-win32-arm64": ["@oh-my-pi/pi-natives-win32-arm64@18.6.0", "", { "os": "win32", "cpu": "arm64" }, "sha512-RGhLuv/SQijbi7ihiTLwQQg1PxAMAO0KwQwJ6hdZR2z1biQXXCkqwEI9a8VLATA/2fLLGILlh/zQdgNvHu62uw=="],

    "@oh-my-pi/pi-natives-win32-x64": ["@oh-my-pi/pi-natives-win32-x64@18.6.0", "", { "os": "win32", "cpu": "x64" }, "sha512-YptfB2rN9mtpcUq6c6s30I1GcB/pYH1cA4TII2dy4ETk+PzD+j7Bo6gT4N3kwzzgkqhT0S8bb7DZMoz1G7wJBw=="],

    "@oh-my-pi/pi-utils": ["@oh-my-pi/pi-utils@18.6.0", "", { "dependencies": { "@oh-my-pi/pi-natives": "18.6.0" } }, "sha512-MPfD1/mvsc/hZHpIM5C1I5JaHiMfXyZ05I54ng+aOaou6E9huatE7G26p54wpPALTy+RXB97XHyct/ScHxMuaQ=="],

    "@types/bun": ["@types/bun@1.4.2", "", { "dependencies": { "bun-types": "1.4.2" } }, "sha512-GimotNn7+ZV0uVArItBbriZsR1oNf0+WTzPkdcFrzShI7k2norL0uzEaJT8T33dWr7O/c9ZDuAFQrctKCi72oQ=="],

    "@types/node": ["@types/node@26.6.4", "", { "dependencies": { "undici-types": "~8.9.0" } }, "sha512-ldVPDCzj7fsaGZrLB0NuHuTvJcsNasysBAqMolr/cgxrLd1xbqxIr3XJiPnHHJUCxj5sNF1vnRj9aWnrVh5Jcg=="],

    "bun-types": ["bun-types@1.4.2", "", { "dependencies": { "@types/node": "*" } }, "sha512-bxV1FgK7yBIzjRe5zBozIM4Bem11ZJcCXSrjWRG3YWLt8yFDePu4cLjpebO8OvPeIE9trbyPF4fuj3Cia4Fj3w=="],

    "undici-types": ["undici-types@8.9.0", "", {}, "sha512-KTDyRTYX8sWmKXAikPHHSyc63CRPETMctyjKFupcC6OBLXT3xsN0e9aF7m+mIXutFWpUXuedtowG7iLOzp0kQg=="],
  }
}
