{
  "lockfileVersion": 2,
  "configVersion": 1,
  "workspaces": {
    "": {
      "name": "omp-funes-bridge",
      "dependencies": {
        "@oh-my-pi/pi-utils": "18.3.0",
      },
      "devDependencies": {
        "@types/bun": "1.4.2",
      },
      "peerDependencies": {
        "@oh-my-pi/pi-coding-agent": "18.3.0",
      },
      "optionalPeers": [
        "@oh-my-pi/pi-coding-agent",
      ],
    },
  },
  "packages": {
    "@oh-my-pi/pi-natives": ["@oh-my-pi/pi-natives@18.3.0", "", { "optionalDependencies": { "@oh-my-pi/pi-natives-darwin-arm64": "18.3.0", "@oh-my-pi/pi-natives-darwin-x64": "18.3.0", "@oh-my-pi/pi-natives-linux-arm64": "18.3.0", "@oh-my-pi/pi-natives-linux-x64": "18.3.0", "@oh-my-pi/pi-natives-win32-arm64": "18.3.0", "@oh-my-pi/pi-natives-win32-x64": "18.3.0" } }, "sha512-mh85IwFkA8It74uvPup4l0kOK+KUa3cWmiH8iKAOow4erzjI97VpsuOD3qhKQ6+7dtQ+hwerMMm2pBhuSIN8Fw=="],

    "@oh-my-pi/pi-natives-darwin-arm64": ["@oh-my-pi/pi-natives-darwin-arm64@18.3.0", "", { "os": "darwin", "cpu": "arm64" }, "sha512-8Flp4f7We20TsGLND9LvzIMTuJmBC5OVeQNL3h1utqD9NUlrRqB/psjqFbKyyiltqEcDVWYluTDKZZ4FslUbGw=="],

    "@oh-my-pi/pi-natives-darwin-x64": ["@oh-my-pi/pi-natives-darwin-x64@18.3.0", "", { "os": "darwin", "cpu": "x64" }, "sha512-aTjVqPKN4XAIuWMbm4EYRoCHWojyMKf7sG/bTlyFooP5dZnGphkwiHwgsmAFggdc3LtTJEY6H3bdiv7v7C9Jvg=="],

    "@oh-my-pi/pi-natives-linux-arm64": ["@oh-my-pi/pi-natives-linux-arm64@18.3.0", "", { "os": "linux", "cpu": "arm64" }, "sha512-G2h9MQkd7ukcwR9zJKj1B4mXLnaWx0n75ykWvvSUu6yM3ai/2L9ihbdqlZoRON7NSrNRPb8+TOAD9P9ZTFsG7Q=="],

    "@oh-my-pi/pi-natives-linux-x64": ["@oh-my-pi/pi-natives-linux-x64@18.3.0", "", { "os": "linux", "cpu": "x64" }, "sha512-ZSsqlgKMGhv8wAUrN8uzzjbCBeHvbtLElyVlt0HKAK6gWkfpPA0dzBAp3g2OOalWIAfGYrydr9yhSYSQ+2OiqQ=="],

    "@oh-my-pi/pi-natives-win32-arm64": ["@oh-my-pi/pi-natives-win32-arm64@18.3.0", "", { "os": "win32", "cpu": "arm64" }, "sha512-64+454I2EVt4TC4MYnXHVgcJ4pYn02z1TZoOURjhkTegxAoeZJTGu0OKVTjoW36EIY9bSxB5ilUEsNYdjI3IJw=="],

    "@oh-my-pi/pi-natives-win32-x64": ["@oh-my-pi/pi-natives-win32-x64@18.3.0", "", { "os": "win32", "cpu": "x64" }, "sha512-MVhVg5J3RRRC98fZPdDzMoFNNL98VRUSD7tSjphG2VOOm2BPdZ6OfGQmh7qzhbreJ5HrWlsRRmmNUdu9bYuEig=="],

    "@oh-my-pi/pi-utils": ["@oh-my-pi/pi-utils@18.3.0", "", { "dependencies": { "@oh-my-pi/pi-natives": "18.3.0" } }, "sha512-avT90P2ghXjAiX5j9OSrz9MQvEX+eaLRxTlLPBGDieYu+P5TfLXkLEkRG94aZ/udEm4G0RyQRDCXOUn0VhaNcA=="],

    "@types/bun": ["@types/bun@1.4.2", "", { "dependencies": { "bun-types": "1.4.2" } }, "sha512-GimotNn7+ZV0uVArItBbriZsR1oNf0+WTzPkdcFrzShI7k2norL0uzEaJT8T33dWr7O/c9ZDuAFQrctKCi72oQ=="],

    "@types/node": ["@types/node@26.6.2", "", { "dependencies": { "undici-types": "~8.9.0" } }, "sha512-X1P21scMv4zGKLYqjdGjaKa7COa0RKVYYZZN/NfvLQ1JegxFhdhpZG/Lyn8AXx6CDUavKAd11v6BvfpkDByK8g=="],

    "bun-types": ["bun-types@1.4.2", "", { "dependencies": { "@types/node": "*" } }, "sha512-bxV1FgK7yBIzjRe5zBozIM4Bem11ZJcCXSrjWRG3YWLt8yFDePu4cLjpebO8OvPeIE9trbyPF4fuj3Cia4Fj3w=="],

    "undici-types": ["undici-types@8.9.0", "", {}, "sha512-KTDyRTYX8sWmKXAikPHHSyc63CRPETMctyjKFupcC6OBLXT3xsN0e9aF7m+mIXutFWpUXuedtowG7iLOzp0kQg=="],
  }
}
